
Microsoft Visual Studio Solution File, Format Version 12.00
# Visual Studio Version 16
VisualStudioVersion = 16.0.29806.167
MinimumVisualStudioVersion = 10.0.40219.1
Project("{2150E333-8FDC-42A3-9474-1A3956D46DE8}") = "1Client", "1Client", "{0FF70855-83AC-48EA-BD84-DC3C67C7F45E}"
EndProject
Project("{2150E333-8FDC-42A3-9474-1A3956D46DE8}") = "2BLL", "2BLL", "{FBBE040C-DA52-4035-ACFE-39FD5EE7CF6B}"
EndProject
Project("{2150E333-8FDC-42A3-9474-1A3956D46DE8}") = "3DLL", "3DLL", "{BE39A484-EA23-4A7C-92D6-7C165D31C9F8}"
EndProject
Project("{2150E333-8FDC-42A3-9474-1A3956D46DE8}") = "4Common", "4Common", "{9F58A19B-087C-482A-AAD4-3B04E6998EB5}"
EndProject
Project("{2150E333-8FDC-42A3-9474-1A3956D46DE8}") = "5OtherService", "5OtherService", "{B9C356AA-EA4C-42A4-87A5-BAA0FF45AAA9}"
EndProject
Project("{FAE04EC0-301F-11D3-BF4B-00C04F79EFBC}") = "AspNetCoreProject", "AspNetCoreProject\AspNetCoreProject.csproj", "{9AB481DE-816E-4810-B766-AB622D3BDA9B}"
EndProject
Project("{FAE04EC0-301F-11D3-BF4B-00C04F79EFBC}") = "ConsoleProject", "ConsoleProject\ConsoleProject.csproj", "{65A93056-069C-410B-95BF-0B691355B20C}"
EndProject
Project("{FAE04EC0-301F-11D3-BF4B-00C04F79EFBC}") = "DIP.BLL", "DIP.BLL\DIP.BLL.csproj", "{5EE32202-F1AC-46BD-820C-AD3C237BE4D1}"
EndProject
Project("{FAE04EC0-301F-11D3-BF4B-00C04F79EFBC}") = "DIP.IBLL", "DIP.IBLL\DIP.IBLL.csproj", "{AD660F25-0F3E-4BB3-9E3D-C5D801110962}"
EndProject
Project("{FAE04EC0-301F-11D3-BF4B-00C04F79EFBC}") = "DIP.DAL", "DIP.DAL\DIP.DAL.csproj", "{049DF054-8D79-4FD6-A118-526B5CC9C3EB}"
EndProject
Project("{FAE04EC0-301F-11D3-BF4B-00C04F79EFBC}") = "DIP.IDAL", "DIP.IDAL\DIP.IDAL.csproj", "{82E81A7F-AD25-4746-A23F-31494C04F103}"
EndProject
Project("{FAE04EC0-301F-11D3-BF4B-00C04F79EFBC}") = "DIP.Model", "DIP.Model\DIP.Model.csproj", "{43BAA26B-3D5B-461F-AB59-17810E88BE65}"
EndProject
Project("{FAE04EC0-301F-11D3-BF4B-00C04F79EFBC}") = "DIP.Service", "DIP.Service\DIP.Service.csproj", "{B8B0F7EB-9D92-4092-AC6F-67500466851B}"
EndProject
Project("{FAE04EC0-301F-11D3-BF4B-00C04F79EFBC}") = "DIP.Interface", "DIP.Interface\DIP.Interface.csproj", "{60E56C01-D948-4E1C-83F4-C7150C5EA6E6}"
EndProject
Project("{FAE04EC0-301F-11D3-BF4B-00C04F79EFBC}") = "DIP.Framework", "DIP.Framework\DIP.Framework.csproj", "{02027E79-9804-4336-A145-AE23F79B125E}"
EndProject
Global
	GlobalSection(SolutionConfigurationPlatforms) = preSolution
		Debug|Any CPU = Debug|Any CPU
		Release|Any CPU = Release|Any CPU
	EndGlobalSection
	GlobalSection(ProjectConfigurationPlatforms) = postSolution
		{9AB481DE-816E-4810-B766-AB622D3BDA9B}.Debug|Any CPU.ActiveCfg = Debug|Any CPU
		{9AB481DE-816E-4810-B766-AB622D3BDA9B}.Debug|Any CPU.Build.0 = Debug|Any CPU
		{9AB481DE-816E-4810-B766-AB622D3BDA9B}.Release|Any CPU.ActiveCfg = Release|Any CPU
		{9AB481DE-816E-4810-B766-AB622D3BDA9B}.Release|Any CPU.Build.0 = Release|Any CPU
		{65A93056-069C-410B-95BF-0B691355B20C}.Debug|Any CPU.ActiveCfg = Debug|Any CPU
		{65A93056-069C-410B-95BF-0B691355B20C}.Debug|Any CPU.Build.0 = Debug|Any CPU
		{65A93056-069C-410B-95BF-0B691355B20C}.Release|Any CPU.ActiveCfg = Release|Any CPU
		{65A93056-069C-410B-95BF-0B691355B20C}.Release|Any CPU.Build.0 = Release|Any CPU
		{5EE32202-F1AC-46BD-820C-AD3C237BE4D1}.Debug|Any CPU.ActiveCfg = Debug|Any CPU
		{5EE32202-F1AC-46BD-820C-AD3C237BE4D1}.Debug|Any CPU.Build.0 = Debug|Any CPU
		{5EE32202-F1AC-46BD-820C-AD3C237BE4D1}.Release|Any CPU.ActiveCfg = Release|Any CPU
		{5EE32202-F1AC-46BD-820C-AD3C237BE4D1}.Release|Any CPU.Build.0 = Release|Any CPU
		{AD660F25-0F3E-4BB3-9E3D-C5D801110962}.Debug|Any CPU.ActiveCfg = Debug|Any CPU
		{AD660F25-0F3E-4BB3-9E3D-C5D801110962}.Debug|Any CPU.Build.0 = Debug|Any CPU
		{AD660F25-0F3E-4BB3-9E3D-C5D801110962}.Release|Any CPU.ActiveCfg = Release|Any CPU
		{AD660F25-0F3E-4BB3-9E3D-C5D801110962}.Release|Any CPU.Build.0 = Release|Any CPU
		{049DF054-8D79-4FD6-A118-526B5CC9C3EB}.Debug|Any CPU.ActiveCfg = Debug|Any CPU
		{049DF054-8D79-4FD6-A118-526B5CC9C3EB}.Debug|Any CPU.Build.0 = Debug|Any CPU
		{049DF054-8D79-4FD6-A118-526B5CC9C3EB}.Release|Any CPU.ActiveCfg = Release|Any CPU
		{049DF054-8D79-4FD6-A118-526B5CC9C3EB}.Release|Any CPU.Build.0 = Release|Any CPU
		{82E81A7F-AD25-4746-A23F-31494C04F103}.Debug|Any CPU.ActiveCfg = Debug|Any CPU
		{82E81A7F-AD25-4746-A23F-31494C04F103}.Debug|Any CPU.Build.0 = Debug|Any CPU
		{82E81A7F-AD25-4746-A23F-31494C04F103}.Release|Any CPU.ActiveCfg = Release|Any CPU
		{82E81A7F-AD25-4746-A23F-31494C04F103}.Release|Any CPU.Build.0 = Release|Any CPU
		{43BAA26B-3D5B-461F-AB59-17810E88BE65}.Debug|Any CPU.ActiveCfg = Debug|Any CPU
		{43BAA26B-3D5B-461F-AB59-17810E88BE65}.Debug|Any CPU.Build.0 = Debug|Any CPU
		{43BAA26B-3D5B-461F-AB59-17810E88BE65}.Release|Any CPU.ActiveCfg = Release|Any CPU
		{43BAA26B-3D5B-461F-AB59-17810E88BE65}.Release|Any CPU.Build.0 = Release|Any CPU
		{B8B0F7EB-9D92-4092-AC6F-67500466851B}.Debug|Any CPU.ActiveCfg = Debug|Any CPU
		{B8B0F7EB-9D92-4092-AC6F-67500466851B}.Debug|Any CPU.Build.0 = Debug|Any CPU
		{B8B0F7EB-9D92-4092-AC6F-67500466851B}.Release|Any CPU.ActiveCfg = Release|Any CPU
		{B8B0F7EB-9D92-4092-AC6F-67500466851B}.Release|Any CPU.Build.0 = Release|Any CPU
		{60E56C01-D948-4E1C-83F4-C7150C5EA6E6}.Debug|Any CPU.ActiveCfg = Debug|Any CPU
		{60E56C01-D948-4E1C-83F4-C7150C5EA6E6}.Debug|Any CPU.Build.0 = Debug|Any CPU
		{60E56C01-D948-4E1C-83F4-C7150C5EA6E6}.Release|Any CPU.ActiveCfg = Release|Any CPU
		{60E56C01-D948-4E1C-83F4-C7150C5EA6E6}.Release|Any CPU.Build.0 = Release|Any CPU
		{02027E79-9804-4336-A145-AE23F79B125E}.Debug|Any CPU.ActiveCfg = Debug|Any CPU
		{02027E79-9804-4336-A145-AE23F79B125E}.Debug|Any CPU.Build.0 = Debug|Any CPU
		{02027E79-9804-4336-A145-AE23F79B125E}.Release|Any CPU.ActiveCfg = Release|Any CPU
		{02027E79-9804-4336-A145-AE23F79B125E}.Release|Any CPU.Build.0 = Release|Any CPU
	EndGlobalSection
	GlobalSection(SolutionProperties) = preSolution
		HideSolutionNode = FALSE
	EndGlobalSection
	GlobalSection(NestedProjects) = preSolution
		{9AB481DE-816E-4810-B766-AB622D3BDA9B} = {0FF70855-83AC-48EA-BD84-DC3C67C7F45E}
		{65A93056-069C-410B-95BF-0B691355B20C} = {0FF70855-83AC-48EA-BD84-DC3C67C7F45E}
		{5EE32202-F1AC-46BD-820C-AD3C237BE4D1} = {FBBE040C-DA52-4035-ACFE-39FD5EE7CF6B}
		{AD660F25-0F3E-4BB3-9E3D-C5D801110962} = {FBBE040C-DA52-4035-ACFE-39FD5EE7CF6B}
		{049DF054-8D79-4FD6-A118-526B5CC9C3EB} = {BE39A484-EA23-4A7C-92D6-7C165D31C9F8}
		{82E81A7F-AD25-4746-A23F-31494C04F103} = {BE39A484-EA23-4A7C-92D6-7C165D31C9F8}
		{43BAA26B-3D5B-461F-AB59-17810E88BE65} = {9F58A19B-087C-482A-AAD4-3B04E6998EB5}
		{B8B0F7EB-9D92-4092-AC6F-67500466851B} = {B9C356AA-EA4C-42A4-87A5-BAA0FF45AAA9}
		{60E56C01-D948-4E1C-83F4-C7150C5EA6E6} = {B9C356AA-EA4C-42A4-87A5-BAA0FF45AAA9}
		{02027E79-9804-4336-A145-AE23F79B125E} = {9F58A19B-087C-482A-AAD4-3B04E6998EB5}
	EndGlobalSection
	GlobalSection(ExtensibilityGlobals) = postSolution
		SolutionGuid = {524220A3-29AE-4E4C-905D-B9E15C565FB4}
	EndGlobalSection
EndGlobal
